
Microsoft Visual Studio Solution File, Format Version 12.00
# Visual Studio Version 17
VisualStudioVersion = 17.0.31903.59
MinimumVisualStudioVersion = 10.0.40219.1
Project("{2150E333-8FDC-42A3-9474-1A3956D46DE8}") = "src", "src", "{827E0CD3-B72D-47B6-A68D-7590B98EB39B}"
EndProject
Project("{FAE04EC0-301F-11D3-BF4B-00C04F79EFBC}") = "GtoDiagnostics.Core", "src\GtoDiagnostics.Core\GtoDiagnostics.Core.csproj", "{A0669FAB-8B98-45A5-AD05-EFDFB2200EAF}"
EndProject
Project("{FAE04EC0-301F-11D3-BF4B-00C04F79EFBC}") = "GtoDiagnostics.Protocol", "src\GtoDiagnostics.Protocol\GtoDiagnostics.Protocol.csproj", "{3724D41B-2E3A-484E-B86E-97F831253798}"
EndProject
Project("{FAE04EC0-301F-11D3-BF4B-00C04F79EFBC}") = "GtoDiagnostics.Serial", "src\GtoDiagnostics.Serial\GtoDiagnostics.Serial.csproj", "{41289B9C-EC3F-4E19-8BFA-1A246EB06AE4}"
EndProject
Project("{FAE04EC0-301F-11D3-BF4B-00C04F79EFBC}") = "GtoDiagnostics.Simulator", "src\GtoDiagnostics.Simulator\GtoDiagnostics.Simulator.csproj", "{8496C8BC-A506-41B1-88F2-73FA87D4B1B1}"
EndProject
Project("{2150E333-8FDC-42A3-9474-1A3956D46DE8}") = "tests", "tests", "{0AB3BF05-4346-4AA6-1389-037BE0695223}"
EndProject
Project("{FAE04EC0-301F-11D3-BF4B-00C04F79EFBC}") = "GtoDiagnostics.E2E.Tests", "tests\GtoDiagnostics.E2E.Tests\GtoDiagnostics.E2E.Tests.csproj", "{439CBDDF-C96F-401A-80E3-F2E481494C5D}"
EndProject
Project("{FAE04EC0-301F-11D3-BF4B-00C04F79EFBC}") = "GtoDiagnostics.App", "src\GtoDiagnostics.App\GtoDiagnostics.App.csproj", "{CDFE194C-DC22-410C-A733-608517FAD59B}"
EndProject
Project("{FAE04EC0-301F-11D3-BF4B-00C04F79EFBC}") = "GtoDiagnostics.Core.Tests", "tests\GtoDiagnostics.Core.Tests\GtoDiagnostics.Core.Tests.csproj", "{597B1A4B-1B23-4D6A-96B8-8E22AC8FE77D}"
EndProject
Project("{FAE04EC0-301F-11D3-BF4B-00C04F79EFBC}") = "GtoDiagnostics.Protocol.Tests", "tests\GtoDiagnostics.Protocol.Tests\GtoDiagnostics.Protocol.Tests.csproj", "{BA792EFA-2061-4C25-8424-C42374A82EE7}"
EndProject
Project("{FAE04EC0-301F-11D3-BF4B-00C04F79EFBC}") = "GtoDiagnostics.Runtime", "src\GtoDiagnostics.Runtime\GtoDiagnostics.Runtime.csproj", "{59D617B7-09AB-4FF4-88B3-EC9E9B602660}"
EndProject
Global
	GlobalSection(SolutionConfigurationPlatforms) = preSolution
		Debug|Any CPU = Debug|Any CPU
		Debug|x64 = Debug|x64
		Debug|x86 = Debug|x86
		Release|Any CPU = Release|Any CPU
		Release|x64 = Release|x64
		Release|x86 = Release|x86
	EndGlobalSection
	GlobalSection(ProjectConfigurationPlatforms) = postSolution
		{A0669FAB-8B98-45A5-AD05-EFDFB2200EAF}.Debug|Any CPU.ActiveCfg = Debug|Any CPU
		{A0669FAB-8B98-45A5-AD05-EFDFB2200EAF}.Debug|Any CPU.Build.0 = Debug|Any CPU
		{A0669FAB-8B98-45A5-AD05-EFDFB2200EAF}.Debug|x64.ActiveCfg = Debug|Any CPU
		{A0669FAB-8B98-45A5-AD05-EFDFB2200EAF}.Debug|x64.Build.0 = Debug|Any CPU
		{A0669FAB-8B98-45A5-AD05-EFDFB2200EAF}.Debug|x86.ActiveCfg = Debug|Any CPU
		{A0669FAB-8B98-45A5-AD05-EFDFB2200EAF}.Debug|x86.Build.0 = Debug|Any CPU
		{A0669FAB-8B98-45A5-AD05-EFDFB2200EAF}.Release|Any CPU.ActiveCfg = Release|Any CPU
		{A0669FAB-8B98-45A5-AD05-EFDFB2200EAF}.Release|Any CPU.Build.0 = Release|Any CPU
		{A0669FAB-8B98-45A5-AD05-EFDFB2200EAF}.Release|x64.ActiveCfg = Release|Any CPU
		{A0669FAB-8B98-45A5-AD05-EFDFB2200EAF}.Release|x64.Build.0 = Release|Any CPU
		{A0669FAB-8B98-45A5-AD05-EFDFB2200EAF}.Release|x86.ActiveCfg = Release|Any CPU
		{A0669FAB-8B98-45A5-AD05-EFDFB2200EAF}.Release|x86.Build.0 = Release|Any CPU
		{3724D41B-2E3A-484E-B86E-97F831253798}.Debug|Any CPU.ActiveCfg = Debug|Any CPU
		{3724D41B-2E3A-484E-B86E-97F831253798}.Debug|Any CPU.Build.0 = Debug|Any CPU
		{3724D41B-2E3A-484E-B86E-97F831253798}.Debug|x64.ActiveCfg = Debug|Any CPU
		{3724D41B-2E3A-484E-B86E-97F831253798}.Debug|x64.Build.0 = Debug|Any CPU
		{3724D41B-2E3A-484E-B86E-97F831253798}.Debug|x86.ActiveCfg = Debug|Any CPU
		{3724D41B-2E3A-484E-B86E-97F831253798}.Debug|x86.Build.0 = Debug|Any CPU
		{3724D41B-2E3A-484E-B86E-97F831253798}.Release|Any CPU.ActiveCfg = Release|Any CPU
		{3724D41B-2E3A-484E-B86E-97F831253798}.Release|Any CPU.Build.0 = Release|Any CPU
		{3724D41B-2E3A-484E-B86E-97F831253798}.Release|x64.ActiveCfg = Release|Any CPU
		{3724D41B-2E3A-484E-B86E-97F831253798}.Release|x64.Build.0 = Release|Any CPU
		{3724D41B-2E3A-484E-B86E-97F831253798}.Release|x86.ActiveCfg = Release|Any CPU
		{3724D41B-2E3A-484E-B86E-97F831253798}.Release|x86.Build.0 = Release|Any CPU
		{41289B9C-EC3F-4E19-8BFA-1A246EB06AE4}.Debug|Any CPU.ActiveCfg = Debug|Any CPU
		{41289B9C-EC3F-4E19-8BFA-1A246EB06AE4}.Debug|Any CPU.Build.0 = Debug|Any CPU
		{41289B9C-EC3F-4E19-8BFA-1A246EB06AE4}.Debug|x64.ActiveCfg = Debug|Any CPU
		{41289B9C-EC3F-4E19-8BFA-1A246EB06AE4}.Debug|x64.Build.0 = Debug|Any CPU
		{41289B9C-EC3F-4E19-8BFA-1A246EB06AE4}.Debug|x86.ActiveCfg = Debug|Any CPU
		{41289B9C-EC3F-4E19-8BFA-1A246EB06AE4}.Debug|x86.Build.0 = Debug|Any CPU
		{41289B9C-EC3F-4E19-8BFA-1A246EB06AE4}.Release|Any CPU.ActiveCfg = Release|Any CPU
		{41289B9C-EC3F-4E19-8BFA-1A246EB06AE4}.Release|Any CPU.Build.0 = Release|Any CPU
		{41289B9C-EC3F-4E19-8BFA-1A246EB06AE4}.Release|x64.ActiveCfg = Release|Any CPU
		{41289B9C-EC3F-4E19-8BFA-1A246EB06AE4}.Release|x64.Build.0 = Release|Any CPU
		{41289B9C-EC3F-4E19-8BFA-1A246EB06AE4}.Release|x86.ActiveCfg = Release|Any CPU
		{41289B9C-EC3F-4E19-8BFA-1A246EB06AE4}.Release|x86.Build.0 = Release|Any CPU
		{8496C8BC-A506-41B1-88F2-73FA87D4B1B1}.Debug|Any CPU.ActiveCfg = Debug|Any CPU
		{8496C8BC-A506-41B1-88F2-73FA87D4B1B1}.Debug|Any CPU.Build.0 = Debug|Any CPU
		{8496C8BC-A506-41B1-88F2-73FA87D4B1B1}.Debug|x64.ActiveCfg = Debug|Any CPU
		{8496C8BC-A506-41B1-88F2-73FA87D4B1B1}.Debug|x64.Build.0 = Debug|Any CPU
		{8496C8BC-A506-41B1-88F2-73FA87D4B1B1}.Debug|x86.ActiveCfg = Debug|Any CPU
		{8496C8BC-A506-41B1-88F2-73FA87D4B1B1}.Debug|x86.Build.0 = Debug|Any CPU
		{8496C8BC-A506-41B1-88F2-73FA87D4B1B1}.Release|Any CPU.ActiveCfg = Release|Any CPU
		{8496C8BC-A506-41B1-88F2-73FA87D4B1B1}.Release|Any CPU.Build.0 = Release|Any CPU
		{8496C8BC-A506-41B1-88F2-73FA87D4B1B1}.Release|x64.ActiveCfg = Release|Any CPU
		{8496C8BC-A506-41B1-88F2-73FA87D4B1B1}.Release|x64.Build.0 = Release|Any CPU
		{8496C8BC-A506-41B1-88F2-73FA87D4B1B1}.Release|x86.ActiveCfg = Release|Any CPU
		{8496C8BC-A506-41B1-88F2-73FA87D4B1B1}.Release|x86.Build.0 = Release|Any CPU
		{439CBDDF-C96F-401A-80E3-F2E481494C5D}.Debug|Any CPU.ActiveCfg = Debug|Any CPU
		{439CBDDF-C96F-401A-80E3-F2E481494C5D}.Debug|Any CPU.Build.0 = Debug|Any CPU
		{439CBDDF-C96F-401A-80E3-F2E481494C5D}.Debug|x64.ActiveCfg = Debug|Any CPU
		{439CBDDF-C96F-401A-80E3-F2E481494C5D}.Debug|x64.Build.0 = Debug|Any CPU
		{439CBDDF-C96F-401A-80E3-F2E481494C5D}.Debug|x86.ActiveCfg = Debug|Any CPU
		{439CBDDF-C96F-401A-80E3-F2E481494C5D}.Debug|x86.Build.0 = Debug|Any CPU
		{439CBDDF-C96F-401A-80E3-F2E481494C5D}.Release|Any CPU.ActiveCfg = Release|Any CPU
		{439CBDDF-C96F-401A-80E3-F2E481494C5D}.Release|Any CPU.Build.0 = Release|Any CPU
		{439CBDDF-C96F-401A-80E3-F2E481494C5D}.Release|x64.ActiveCfg = Release|Any CPU
		{439CBDDF-C96F-401A-80E3-F2E481494C5D}.Release|x64.Build.0 = Release|Any CPU
		{439CBDDF-C96F-401A-80E3-F2E481494C5D}.Release|x86.ActiveCfg = Release|Any CPU
		{439CBDDF-C96F-401A-80E3-F2E481494C5D}.Release|x86.Build.0 = Release|Any CPU
		{CDFE194C-DC22-410C-A733-608517FAD59B}.Debug|Any CPU.ActiveCfg = Debug|Any CPU
		{CDFE194C-DC22-410C-A733-608517FAD59B}.Debug|Any CPU.Build.0 = Debug|Any CPU
		{CDFE194C-DC22-410C-A733-608517FAD59B}.Debug|x64.ActiveCfg = Debug|Any CPU
		{CDFE194C-DC22-410C-A733-608517FAD59B}.Debug|x64.Build.0 = Debug|Any CPU
		{CDFE194C-DC22-410C-A733-608517FAD59B}.Debug|x86.ActiveCfg = Debug|Any CPU
		{CDFE194C-DC22-410C-A733-608517FAD59B}.Debug|x86.Build.0 = Debug|Any CPU
		{CDFE194C-DC22-410C-A733-608517FAD59B}.Release|Any CPU.ActiveCfg = Release|Any CPU
		{CDFE194C-DC22-410C-A733-608517FAD59B}.Release|Any CPU.Build.0 = Release|Any CPU
		{CDFE194C-DC22-410C-A733-608517FAD59B}.Release|x64.ActiveCfg = Release|Any CPU
		{CDFE194C-DC22-410C-A733-608517FAD59B}.Release|x64.Build.0 = Release|Any CPU
		{CDFE194C-DC22-410C-A733-608517FAD59B}.Release|x86.ActiveCfg = Release|Any CPU
		{CDFE194C-DC22-410C-A733-608517FAD59B}.Release|x86.Build.0 = Release|Any CPU
		{597B1A4B-1B23-4D6A-96B8-8E22AC8FE77D}.Debug|Any CPU.ActiveCfg = Debug|Any CPU
		{597B1A4B-1B23-4D6A-96B8-8E22AC8FE77D}.Debug|Any CPU.Build.0 = Debug|Any CPU
		{597B1A4B-1B23-4D6A-96B8-8E22AC8FE77D}.Debug|x64.ActiveCfg = Debug|Any CPU
		{597B1A4B-1B23-4D6A-96B8-8E22AC8FE77D}.Debug|x64.Build.0 = Debug|Any CPU
		{597B1A4B-1B23-4D6A-96B8-8E22AC8FE77D}.Debug|x86.ActiveCfg = Debug|Any CPU
		{597B1A4B-1B23-4D6A-96B8-8E22AC8FE77D}.Debug|x86.Build.0 = Debug|Any CPU
		{597B1A4B-1B23-4D6A-96B8-8E22AC8FE77D}.Release|Any CPU.ActiveCfg = Release|Any CPU
		{597B1A4B-1B23-4D6A-96B8-8E22AC8FE77D}.Release|Any CPU.Build.0 = Release|Any CPU
		{597B1A4B-1B23-4D6A-96B8-8E22AC8FE77D}.Release|x64.ActiveCfg = Release|Any CPU
		{597B1A4B-1B23-4D6A-96B8-8E22AC8FE77D}.Release|x64.Build.0 = Release|Any CPU
		{597B1A4B-1B23-4D6A-96B8-8E22AC8FE77D}.Release|x86.ActiveCfg = Release|Any CPU
		{597B1A4B-1B23-4D6A-96B8-8E22AC8FE77D}.Release|x86.Build.0 = Release|Any CPU
		{BA792EFA-2061-4C25-8424-C42374A82EE7}.Debug|Any CPU.ActiveCfg = Debug|Any CPU
		{BA792EFA-2061-4C25-8424-C42374A82EE7}.Debug|Any CPU.Build.0 = Debug|Any CPU
		{BA792EFA-2061-4C25-8424-C42374A82EE7}.Debug|x64.ActiveCfg = Debug|Any CPU
		{BA792EFA-2061-4C25-8424-C42374A82EE7}.Debug|x64.Build.0 = Debug|Any CPU
		{BA792EFA-2061-4C25-8424-C42374A82EE7}.Debug|x86.ActiveCfg = Debug|Any CPU
		{BA792EFA-2061-4C25-8424-C42374A82EE7}.Debug|x86.Build.0 = Debug|Any CPU
		{BA792EFA-2061-4C25-8424-C42374A82EE7}.Release|Any CPU.ActiveCfg = Release|Any CPU
		{BA792EFA-2061-4C25-8424-C42374A82EE7}.Release|Any CPU.Build.0 = Release|Any CPU
		{BA792EFA-2061-4C25-8424-C42374A82EE7}.Release|x64.ActiveCfg = Release|Any CPU
		{BA792EFA-2061-4C25-8424-C42374A82EE7}.Release|x64.Build.0 = Release|Any CPU
		{BA792EFA-2061-4C25-8424-C42374A82EE7}.Release|x86.ActiveCfg = Release|Any CPU
		{BA792EFA-2061-4C25-8424-C42374A82EE7}.Release|x86.Build.0 = Release|Any CPU
		{59D617B7-09AB-4FF4-88B3-EC9E9B602660}.Debug|Any CPU.ActiveCfg = Debug|Any CPU
		{59D617B7-09AB-4FF4-88B3-EC9E9B602660}.Debug|Any CPU.Build.0 = Debug|Any CPU
		{59D617B7-09AB-4FF4-88B3-EC9E9B602660}.Debug|x64.ActiveCfg = Debug|Any CPU
		{59D617B7-09AB-4FF4-88B3-EC9E9B602660}.Debug|x64.Build.0 = Debug|Any CPU
		{59D617B7-09AB-4FF4-88B3-EC9E9B602660}.Debug|x86.ActiveCfg = Debug|Any CPU
		{59D617B7-09AB-4FF4-88B3-EC9E9B602660}.Debug|x86.Build.0 = Debug|Any CPU
		{59D617B7-09AB-4FF4-88B3-EC9E9B602660}.Release|Any CPU.ActiveCfg = Release|Any CPU
		{59D617B7-09AB-4FF4-88B3-EC9E9B602660}.Release|Any CPU.Build.0 = Release|Any CPU
		{59D617B7-09AB-4FF4-88B3-EC9E9B602660}.Release|x64.ActiveCfg = Release|Any CPU
		{59D617B7-09AB-4FF4-88B3-EC9E9B602660}.Release|x64.Build.0 = Release|Any CPU
		{59D617B7-09AB-4FF4-88B3-EC9E9B602660}.Release|x86.ActiveCfg = Release|Any CPU
		{59D617B7-09AB-4FF4-88B3-EC9E9B602660}.Release|x86.Build.0 = Release|Any CPU
	EndGlobalSection
	GlobalSection(SolutionProperties) = preSolution
		HideSolutionNode = FALSE
	EndGlobalSection
	GlobalSection(NestedProjects) = preSolution
		{A0669FAB-8B98-45A5-AD05-EFDFB2200EAF} = {827E0CD3-B72D-47B6-A68D-7590B98EB39B}
		{3724D41B-2E3A-484E-B86E-97F831253798} = {827E0CD3-B72D-47B6-A68D-7590B98EB39B}
		{41289B9C-EC3F-4E19-8BFA-1A246EB06AE4} = {827E0CD3-B72D-47B6-A68D-7590B98EB39B}
		{8496C8BC-A506-41B1-88F2-73FA87D4B1B1} = {827E0CD3-B72D-47B6-A68D-7590B98EB39B}
		{439CBDDF-C96F-401A-80E3-F2E481494C5D} = {0AB3BF05-4346-4AA6-1389-037BE0695223}
		{CDFE194C-DC22-410C-A733-608517FAD59B} = {827E0CD3-B72D-47B6-A68D-7590B98EB39B}
		{597B1A4B-1B23-4D6A-96B8-8E22AC8FE77D} = {0AB3BF05-4346-4AA6-1389-037BE0695223}
		{BA792EFA-2061-4C25-8424-C42374A82EE7} = {0AB3BF05-4346-4AA6-1389-037BE0695223}
		{59D617B7-09AB-4FF4-88B3-EC9E9B602660} = {827E0CD3-B72D-47B6-A68D-7590B98EB39B}
	EndGlobalSection
EndGlobal
